{
  "name": "otherpackage",
  "version": "1.0.0",
  "lockfileVersion": 3,
  "requires": true,
  "packages": {
    "": {
      "name": "otherpackage",
      "version": "1.0.0",
      "license": "ISC",
      "dependencies": {
        "tspackage": "file:../tsPackage"
      }
    },
    "../tsPackage": {
      "name": "tspackage",
      "version": "1.0.0",
      "license": "ISC"
    },
    "node_modules/tspackage": {
      "resolved": "../tsPackage",
      "link": true
    }
  }
}
